
Microsoft Visual Studio Solution File, Format Version 12.00
# Visual Studio 15
Project("{FAE04EC0-301F-11D3-BF4B-00C04F79EFBC}") = "angulardemo", "angulardemo.csproj", "{DCC98043-28A3-4257-A4CB-1D51FE46ACD2}"
EndProject
Global
	GlobalSection(SolutionConfigurationPlatforms) = preSolution
		Debug|Any CPU = Debug|Any CPU
		Release|Any CPU = Release|Any CPU
	EndGlobalSection
	GlobalSection(ProjectConfigurationPlatforms) = postSolution
		{DCC98043-28A3-4257-A4CB-1D51FE46ACD2}.Debug|Any CPU.ActiveCfg = Debug|Any CPU
		{DCC98043-28A3-4257-A4CB-1D51FE46ACD2}.Debug|Any CPU.Build.0 = Debug|Any CPU
		{DCC98043-28A3-4257-A4CB-1D51FE46ACD2}.Release|Any CPU.ActiveCfg = Release|Any CPU
		{DCC98043-28A3-4257-A4CB-1D51FE46ACD2}.Release|Any CPU.Build.0 = Release|Any CPU
	EndGlobalSection
EndGlobal
